{
  "version": 4,
  "terraform_version": "1.2.2",
  "serial": 3,
  "lineage": "1583c517-ff5c-15ff-a32c-7c2bfa1f2931",
  "outputs": {},
  "resources": [
    {
      "mode": "managed",
      "type": "proxmox_vm_qemu",
      "name": "your-vm",
      "provider": "provider[\"registry.terraform.io/telmate/proxmox\"]",
      "instances": [
        {
          "status": "tainted",
          "schema_version": 0,
          "attributes": {
            "additional_wait": 0,
            "agent": 1,
            "args": null,
            "balloon": 0,
            "bios": "seabios",
            "boot": "c",
            "bootdisk": null,
            "bridge": null,
            "ci_wait": null,
            "cicustom": null,
            "cipassword": null,
            "ciuser": "sysadmin",
            "clone": "ubuntu-cloud-22.04",
            "clone_wait": 0,
            "cloudinit_cdrom_storage": null,
            "cores": 1,
            "cpu": "host",
            "default_ipv4_address": null,
            "define_connection_info": true,
            "desc": "Description",
            "disk": [],
            "disk_gb": null,
            "force_create": false,
            "force_recreate_on_change_of": null,
            "full_clone": true,
            "guest_agent_ready_timeout": 100,
            "hagroup": null,
            "hastate": null,
            "hotplug": "network,disk,usb",
            "id": "powerhouse/qemu/167",
            "ipconfig0": "ip=10.27.27.124/24,gw=10.27.27.1",
            "ipconfig1": null,
            "ipconfig2": null,
            "ipconfig3": null,
            "ipconfig4": null,
            "ipconfig5": null,
            "iso": null,
            "kvm": true,
            "mac": null,
            "memory": 1024,
            "name": "test",
            "nameserver": null,
            "network": [
              {
                "bridge": "vmbr0",
                "firewall": false,
                "link_down": false,
                "macaddr": "",
                "model": "virtio",
                "queues": 0,
                "rate": 0,
                "tag": -1
              }
            ],
            "nic": null,
            "numa": false,
            "onboot": true,
            "oncreate": true,
            "os_network_config": null,
            "os_type": "cloud-init",
            "pool": null,
            "preprovision": true,
            "qemu_os": null,
            "reboot_required": null,
            "scsihw": null,
            "searchdomain": null,
            "serial": [],
            "sockets": 1,
            "ssh_forward_ip": null,
            "ssh_host": null,
            "ssh_port": null,
            "ssh_private_key": null,
            "ssh_user": null,
            "sshkeys": "    ssh-rsa \n    AAAAB3NzaC1yc2EAAAADAQABAAACAQDIM3h+ZZcEOyV/gASzwUbTglBKppMbNQWdsYjnEgTf/HnpucEMYKUd6m1QizDXu+lpvsJfsQnR8bZN3MKFIPbsNJkDt762pmq2tggE40W8n2ba0YjVPe4WshVuA7HTyJ/BYmAO1A+c/OYaJPAhboOz2L2BnRYdyuyWWfzvu9RIfB3hqQg1ugCv1br2bWkv/RSRBQwv/k3C9gyRf2LiRxcXwDp/qqIol4Akqkofxsrs9hQYUdXBwh6KRcFlNyQPTtzOCxszDUMEtSVfQE0B2m37HD1vnKDYF0UpeQUradvaiD/nRyG2QrfSLLl7CRuuXfu7dh6cLTL1pJydsYfxnPOphJtD+ro6Q6htPcXz1nP7OyMPq7lF0niHl/+6FZaJHkJOGXg1bHsX1D7DYK+IRWh6AnGYc9Kry+NlfA8+d1ynIPRofwyT+eRAciD6a0i0sl6RTPqKvfFIb3T1vGEhi46Tni/D1MrF9WR7PuV7Rius+lHr7whhHEvJa2pXP0btm7xxm4YTKmA6468FrFWYT20pYEiIgDMPP+Nel4bjIFgad+hP1X9WF7eNp7XjGwycE5+XwMJLUsjr3ZE+TM/kPNtSZJqt1T9gl62hz9QANe6T6FKlEdKg9veaPalfbM/xT/jQeliLw+EpoL8T9uv8ezIH8NG2RkaESxRymCT1J/ym2w== \n    emon5@DESKTOP-ISTIAK-HASSAN-EMON\n",
            "storage": null,
            "storage_type": null,
            "tablet": true,
            "tags": null,
            "target_node": "powerhouse",
            "timeouts": null,
            "unused_disk": null,
            "vcpus": 0,
            "vga": [],
            "vlan": -1,
            "vmid": 167
          },
          "sensitive_attributes": [],
          "private": "eyJlMmJmYjczMC1lY2FhLTExZTYtOGY4OC0zNDM2M2JjN2M0YzAiOnsiY3JlYXRlIjozMDAwMDAwMDAwMDAsImRlZmF1bHQiOjMwMDAwMDAwMDAwMCwiZGVsZXRlIjoxODAwMDAwMDAwMDAsInJlYWQiOjE4MDAwMDAwMDAwMCwidXBkYXRlIjoxODAwMDAwMDAwMDB9fQ=="
        }
      ]
    }
  ]
}
